
Microsoft Visual Studio Solution File, Format Version 12.00
# Visual Studio Version 17
VisualStudioVersion = 17.14.36429.23 d17.14
MinimumVisualStudioVersion = 10.0.40219.1
Project("{FAE04EC0-301F-11D3-BF4B-00C04F79EFBC}") = "Lobodina_ISRPO_laba7_HW", "Lobodina_ISRPO_laba7_HW\Lobodina_ISRPO_laba7_HW.csproj", "{8134509B-D9E7-45AB-9A48-602E8556DDA3}"
EndProject
Global
	GlobalSection(SolutionConfigurationPlatforms) = preSolution
		Debug|Any CPU = Debug|Any CPU
		Release|Any CPU = Release|Any CPU
	EndGlobalSection
	GlobalSection(ProjectConfigurationPlatforms) = postSolution
		{8134509B-D9E7-45AB-9A48-602E8556DDA3}.Debug|Any CPU.ActiveCfg = Debug|Any CPU
		{8134509B-D9E7-45AB-9A48-602E8556DDA3}.Debug|Any CPU.Build.0 = Debug|Any CPU
		{8134509B-D9E7-45AB-9A48-602E8556DDA3}.Release|Any CPU.ActiveCfg = Release|Any CPU
		{8134509B-D9E7-45AB-9A48-602E8556DDA3}.Release|Any CPU.Build.0 = Release|Any CPU
	EndGlobalSection
	GlobalSection(SolutionProperties) = preSolution
		HideSolutionNode = FALSE
	EndGlobalSection
	GlobalSection(ExtensibilityGlobals) = postSolution
		SolutionGuid = {E2BE9347-7682-4F6B-9236-98EA6FD73402}
	EndGlobalSection
EndGlobal
